
Microsoft Visual Studio Solution File, Format Version 12.00
# Visual Studio Version 17
VisualStudioVersion = 17.1.32421.90
MinimumVisualStudioVersion = 10.0.40219.1
Project("{9A19103F-16F7-4668-BE54-9A1E7A4F7556}") = "TravelAgency.Web", "TravelAgency\TravelAgency.Web.csproj", "{D6392C6E-A800-4BE2-8F8A-20669223BF84}"
EndProject
Project("{9A19103F-16F7-4668-BE54-9A1E7A4F7556}") = "TourOperator.Model", "TourOperator.Model\TourOperator.Model.csproj", "{E68B625C-59A7-4712-BF06-A76D78C0D4F0}"
EndProject
Project("{9A19103F-16F7-4668-BE54-9A1E7A4F7556}") = "TourOperator.Api", "TourOperator.Api\TourOperator.Api.csproj", "{A07A2348-CBCB-40DE-9409-DD0746E3E466}"
EndProject
Project("{9A19103F-16F7-4668-BE54-9A1E7A4F7556}") = "TourOperator.Db", "TourOperator.Db\TourOperator.Db.csproj", "{E8F1E938-37E3-4CDE-A0D1-CEDC5F87F7F5}"
EndProject
Project("{2150E333-8FDC-42A3-9474-1A3956D46DE8}") = "Tools", "Tools", "{5E1126CE-66D6-4FCA-8B19-EA09FD6CB698}"
	ProjectSection(SolutionItems) = preProject
		git.bat = git.bat
		migrate.bat = migrate.bat
	EndProjectSection
EndProject
Project("{9A19103F-16F7-4668-BE54-9A1E7A4F7556}") = "TourOperator.Web", "TourOperator.Web\TourOperator.Web.csproj", "{7B656E15-EBE6-412F-89B4-7D7833AF3B2A}"
EndProject
Global
	GlobalSection(SolutionConfigurationPlatforms) = preSolution
		Debug|Any CPU = Debug|Any CPU
		Release|Any CPU = Release|Any CPU
	EndGlobalSection
	GlobalSection(ProjectConfigurationPlatforms) = postSolution
		{D6392C6E-A800-4BE2-8F8A-20669223BF84}.Debug|Any CPU.ActiveCfg = Debug|Any CPU
		{D6392C6E-A800-4BE2-8F8A-20669223BF84}.Debug|Any CPU.Build.0 = Debug|Any CPU
		{D6392C6E-A800-4BE2-8F8A-20669223BF84}.Release|Any CPU.ActiveCfg = Release|Any CPU
		{D6392C6E-A800-4BE2-8F8A-20669223BF84}.Release|Any CPU.Build.0 = Release|Any CPU
		{E68B625C-59A7-4712-BF06-A76D78C0D4F0}.Debug|Any CPU.ActiveCfg = Debug|Any CPU
		{E68B625C-59A7-4712-BF06-A76D78C0D4F0}.Debug|Any CPU.Build.0 = Debug|Any CPU
		{E68B625C-59A7-4712-BF06-A76D78C0D4F0}.Release|Any CPU.ActiveCfg = Release|Any CPU
		{E68B625C-59A7-4712-BF06-A76D78C0D4F0}.Release|Any CPU.Build.0 = Release|Any CPU
		{A07A2348-CBCB-40DE-9409-DD0746E3E466}.Debug|Any CPU.ActiveCfg = Debug|Any CPU
		{A07A2348-CBCB-40DE-9409-DD0746E3E466}.Debug|Any CPU.Build.0 = Debug|Any CPU
		{A07A2348-CBCB-40DE-9409-DD0746E3E466}.Release|Any CPU.ActiveCfg = Release|Any CPU
		{A07A2348-CBCB-40DE-9409-DD0746E3E466}.Release|Any CPU.Build.0 = Release|Any CPU
		{E8F1E938-37E3-4CDE-A0D1-CEDC5F87F7F5}.Debug|Any CPU.ActiveCfg = Debug|Any CPU
		{E8F1E938-37E3-4CDE-A0D1-CEDC5F87F7F5}.Debug|Any CPU.Build.0 = Debug|Any CPU
		{E8F1E938-37E3-4CDE-A0D1-CEDC5F87F7F5}.Release|Any CPU.ActiveCfg = Release|Any CPU
		{E8F1E938-37E3-4CDE-A0D1-CEDC5F87F7F5}.Release|Any CPU.Build.0 = Release|Any CPU
		{7B656E15-EBE6-412F-89B4-7D7833AF3B2A}.Debug|Any CPU.ActiveCfg = Debug|Any CPU
		{7B656E15-EBE6-412F-89B4-7D7833AF3B2A}.Debug|Any CPU.Build.0 = Debug|Any CPU
		{7B656E15-EBE6-412F-89B4-7D7833AF3B2A}.Release|Any CPU.ActiveCfg = Release|Any CPU
		{7B656E15-EBE6-412F-89B4-7D7833AF3B2A}.Release|Any CPU.Build.0 = Release|Any CPU
	EndGlobalSection
	GlobalSection(SolutionProperties) = preSolution
		HideSolutionNode = FALSE
	EndGlobalSection
	GlobalSection(ExtensibilityGlobals) = postSolution
		SolutionGuid = {7C2AD404-B657-4DE3-85CB-EA722ABC6D4D}
	EndGlobalSection
EndGlobal
