
Microsoft Visual Studio Solution File, Format Version 12.00
# Visual Studio Version 17
VisualStudioVersion = 17.1.32421.90
MinimumVisualStudioVersion = 10.0.40219.1
Project("{9A19103F-16F7-4668-BE54-9A1E7A4F7556}") = "TravelAgency", "TravelAgency\TravelAgency.csproj", "{D6392C6E-A800-4BE2-8F8A-20669223BF84}"
EndProject
Project("{9A19103F-16F7-4668-BE54-9A1E7A4F7556}") = "TourOperator", "TourOperator\TourOperator.csproj", "{61C60891-797B-4490-A308-4133275BA3FD}"
EndProject
Global
	GlobalSection(SolutionConfigurationPlatforms) = preSolution
		Debug|Any CPU = Debug|Any CPU
		Release|Any CPU = Release|Any CPU
	EndGlobalSection
	GlobalSection(ProjectConfigurationPlatforms) = postSolution
		{D6392C6E-A800-4BE2-8F8A-20669223BF84}.Debug|Any CPU.ActiveCfg = Debug|Any CPU
		{D6392C6E-A800-4BE2-8F8A-20669223BF84}.Debug|Any CPU.Build.0 = Debug|Any CPU
		{D6392C6E-A800-4BE2-8F8A-20669223BF84}.Release|Any CPU.ActiveCfg = Release|Any CPU
		{D6392C6E-A800-4BE2-8F8A-20669223BF84}.Release|Any CPU.Build.0 = Release|Any CPU
		{61C60891-797B-4490-A308-4133275BA3FD}.Debug|Any CPU.ActiveCfg = Debug|Any CPU
		{61C60891-797B-4490-A308-4133275BA3FD}.Debug|Any CPU.Build.0 = Debug|Any CPU
		{61C60891-797B-4490-A308-4133275BA3FD}.Release|Any CPU.ActiveCfg = Release|Any CPU
		{61C60891-797B-4490-A308-4133275BA3FD}.Release|Any CPU.Build.0 = Release|Any CPU
	EndGlobalSection
	GlobalSection(SolutionProperties) = preSolution
		HideSolutionNode = FALSE
	EndGlobalSection
	GlobalSection(ExtensibilityGlobals) = postSolution
		SolutionGuid = {7C2AD404-B657-4DE3-85CB-EA722ABC6D4D}
	EndGlobalSection
EndGlobal
